// !$*UTF8*$!
{
	archiveVersion = 1;
	classes = {
	};
	objectVersion = 46;
	objects = {

/* Begin PBXBuildFile section */
		C9463A341AA4D61E006C9A7A /* Date.swift in Sources */ = {isa = PBXBuildFile; fileRef = C9463A331AA4D61E006C9A7A /* Date.swift */; };
		C9463A361AA4DD24006C9A7A /* AddTaskViewController.swift in Sources */ = {isa = PBXBuildFile; fileRef = C9463A351AA4DD24006C9A7A /* AddTaskViewController.swift */; };
		C9463A381AA53AA2006C9A7A /* CoreData.framework in Frameworks */ = {isa = PBXBuildFile; fileRef = C9463A371AA53AA2006C9A7A /* CoreData.framework */; };
		C9463A3B1AA53D46006C9A7A /* TaskOnModel.xcdatamodeld in Sources */ = {isa = PBXBuildFile; fileRef = C9463A391AA53D46006C9A7A /* TaskOnModel.xcdatamodeld */; };
		C9463A3D1AA53E2F006C9A7A /* TaskModel.swift in Sources */ = {isa = PBXBuildFile; fileRef = C9463A3C1AA53E2F006C9A7A /* TaskModel.swift */; };
		C95E382A1A9D283000F13276 /* AppDelegate.swift in Sources */ = {isa = PBXBuildFile; fileRef = C95E38291A9D283000F13276 /* AppDelegate.swift */; };
		C95E382D1A9D283000F13276 /* TaskOn.xcdatamodeld in Sources */ = {isa = PBXBuildFile; fileRef = C95E382B1A9D283000F13276 /* TaskOn.xcdatamodeld */; };
		C95E382F1A9D283000F13276 /* ViewController.swift in Sources */ = {isa = PBXBuildFile; fileRef = C95E382E1A9D283000F13276 /* ViewController.swift */; };
		C95E38321A9D283000F13276 /* Main.storyboard in Resources */ = {isa = PBXBuildFile; fileRef = C95E38301A9D283000F13276 /* Main.storyboard */; };
		C95E38341A9D283000F13276 /* Images.xcassets in Resources */ = {isa = PBXBuildFile; fileRef = C95E38331A9D283000F13276 /* Images.xcassets */; };
		C95E38371A9D283000F13276 /* LaunchScreen.xib in Resources */ = {isa = PBXBuildFile; fileRef = C95E38351A9D283000F13276 /* LaunchScreen.xib */; };
		C95E38431A9D283000F13276 /* TaskOnTests.swift in Sources */ = {isa = PBXBuildFile; fileRef = C95E38421A9D283000F13276 /* TaskOnTests.swift */; };
		C95E384D1A9D356200F13276 /* TaskCell.swift in Sources */ = {isa = PBXBuildFile; fileRef = C95E384C1A9D356200F13276 /* TaskCell.swift */; };
		C97A272F1A9E5CF30088F288 /* TaskDetailViewController.swift in Sources */ = {isa = PBXBuildFile; fileRef = C97A272E1A9E5CF30088F288 /* TaskDetailViewController.swift */; };
		C9B872381AF0215700E65321 /* SettingsViewController.swift in Sources */ = {isa = PBXBuildFile; fileRef = C9B872371AF0215700E65321 /* SettingsViewController.swift */; };
/* End PBXBuildFile section */

/* Begin PBXContainerItemProxy section */
		C95E383D1A9D283000F13276 /* PBXContainerItemProxy */ = {
			isa = PBXContainerItemProxy;
			containerPortal = C95E381C1A9D283000F13276 /* Project object */;
			proxyType = 1;
			remoteGlobalIDString = C95E38231A9D283000F13276;
			remoteInfo = TaskOn;
		};
/* End PBXContainerItemProxy section */

/* Begin PBXFileReference section */
		C9463A331AA4D61E006C9A7A /* Date.swift */ = {isa = PBXFileReference; fileEncoding = 4; lastKnownFileType = sourcecode.swift; path = Date.swift; sourceTree = "<group>"; };
		C9463A351AA4DD24006C9A7A /* AddTaskViewController.swift */ = {isa = PBXFileReference; fileEncoding = 4; lastKnownFileType = sourcecode.swift; path = AddTaskViewController.swift; sourceTree = "<group>"; };
		C9463A371AA53AA2006C9A7A /* CoreData.framework */ = {isa = PBXFileReference; lastKnownFileType = wrapper.framework; name = CoreData.framework; path = System/Library/Frameworks/CoreData.framework; sourceTree = SDKROOT; };
		C9463A3A1AA53D46006C9A7A /* TaskOnModel.xcdatamodel */ = {isa = PBXFileReference; lastKnownFileType = wrapper.xcdatamodel; path = TaskOnModel.xcdatamodel; sourceTree = "<group>"; };
		C9463A3C1AA53E2F006C9A7A /* TaskModel.swift */ = {isa = PBXFileReference; fileEncoding = 4; lastKnownFileType = sourcecode.swift; path = TaskModel.swift; sourceTree = "<group>"; };
		C95E38241A9D283000F13276 /* TaskOn.app */ = {isa = PBXFileReference; explicitFileType = wrapper.application; includeInIndex = 0; path = TaskOn.app; sourceTree = BUILT_PRODUCTS_DIR; };
		C95E38281A9D283000F13276 /* Info.plist */ = {isa = PBXFileReference; lastKnownFileType = text.plist.xml; path = Info.plist; sourceTree = "<group>"; };
		C95E38291A9D283000F13276 /* AppDelegate.swift */ = {isa = PBXFileReference; lastKnownFileType = sourcecode.swift; path = AppDelegate.swift; sourceTree = "<group>"; };
		C95E382C1A9D283000F13276 /* TaskOn.xcdatamodel */ = {isa = PBXFileReference; lastKnownFileType = wrapper.xcdatamodel; path = TaskOn.xcdatamodel; sourceTree = "<group>"; };
		C95E382E1A9D283000F13276 /* ViewController.swift */ = {isa = PBXFileReference; lastKnownFileType = sourcecode.swift; path = ViewController.swift; sourceTree = "<group>"; };
		C95E38311A9D283000F13276 /* Base */ = {isa = PBXFileReference; lastKnownFileType = file.storyboard; name = Base; path = Base.lproj/Main.storyboard; sourceTree = "<group>"; };
		C95E38331A9D283000F13276 /* Images.xcassets */ = {isa = PBXFileReference; lastKnownFileType = folder.assetcatalog; path = Images.xcassets; sourceTree = "<group>"; };
		C95E38361A9D283000F13276 /* Base */ = {isa = PBXFileReference; lastKnownFileType = file.xib; name = Base; path = Base.lproj/LaunchScreen.xib; sourceTree = "<group>"; };
		C95E383C1A9D283000F13276 /* TaskOnTests.xctest */ = {isa = PBXFileReference; explicitFileType = wrapper.cfbundle; includeInIndex = 0; path = TaskOnTests.xctest; sourceTree = BUILT_PRODUCTS_DIR; };
		C95E38411A9D283000F13276 /* Info.plist */ = {isa = PBXFileReference; lastKnownFileType = text.plist.xml; path = Info.plist; sourceTree = "<group>"; };
		C95E38421A9D283000F13276 /* TaskOnTests.swift */ = {isa = PBXFileReference; lastKnownFileType = sourcecode.swift; path = TaskOnTests.swift; sourceTree = "<group>"; };
		C95E384C1A9D356200F13276 /* TaskCell.swift */ = {isa = PBXFileReference; fileEncoding = 4; lastKnownFileType = sourcecode.swift; path = TaskCell.swift; sourceTree = "<group>"; };
		C97A272E1A9E5CF30088F288 /* TaskDetailViewController.swift */ = {isa = PBXFileReference; fileEncoding = 4; lastKnownFileType = sourcecode.swift; path = TaskDetailViewController.swift; sourceTree = "<group>"; };
		C9B872371AF0215700E65321 /* SettingsViewController.swift */ = {isa = PBXFileReference; fileEncoding = 4; lastKnownFileType = sourcecode.swift; path = SettingsViewController.swift; sourceTree = "<group>"; };
/* End PBXFileReference section */

/* Begin PBXFrameworksBuildPhase section */
		C95E38211A9D283000F13276 /* Frameworks */ = {
			isa = PBXFrameworksBuildPhase;
			buildActionMask = 2147483647;
			files = (
				C9463A381AA53AA2006C9A7A /* CoreData.framework in Frameworks */,
			);
			runOnlyForDeploymentPostprocessing = 0;
		};
		C95E38391A9D283000F13276 /* Frameworks */ = {
			isa = PBXFrameworksBuildPhase;
			buildActionMask = 2147483647;
			files = (
			);
			runOnlyForDeploymentPostprocessing = 0;
		};
/* End PBXFrameworksBuildPhase section */

/* Begin PBXGroup section */
		C95E381B1A9D283000F13276 = {
			isa = PBXGroup;
			children = (
				C95E38261A9D283000F13276 /* TaskOn */,
				C95E383F1A9D283000F13276 /* TaskOnTests */,
				C95E38251A9D283000F13276 /* Products */,
			);
			sourceTree = "<group>";
		};
		C95E38251A9D283000F13276 /* Products */ = {
			isa = PBXGroup;
			children = (
				C95E38241A9D283000F13276 /* TaskOn.app */,
				C95E383C1A9D283000F13276 /* TaskOnTests.xctest */,
			);
			name = Products;
			sourceTree = "<group>";
		};
		C95E38261A9D283000F13276 /* TaskOn */ = {
			isa = PBXGroup;
			children = (
				C95E38291A9D283000F13276 /* AppDelegate.swift */,
				C95E382E1A9D283000F13276 /* ViewController.swift */,
				C97A272E1A9E5CF30088F288 /* TaskDetailViewController.swift */,
				C9463A351AA4DD24006C9A7A /* AddTaskViewController.swift */,
				C9B872371AF0215700E65321 /* SettingsViewController.swift */,
				C9463A331AA4D61E006C9A7A /* Date.swift */,
				C9463A391AA53D46006C9A7A /* TaskOnModel.xcdatamodeld */,
				C9463A3C1AA53E2F006C9A7A /* TaskModel.swift */,
				C95E38301A9D283000F13276 /* Main.storyboard */,
				C95E384C1A9D356200F13276 /* TaskCell.swift */,
				C95E38331A9D283000F13276 /* Images.xcassets */,
				C95E38351A9D283000F13276 /* LaunchScreen.xib */,
				C95E382B1A9D283000F13276 /* TaskOn.xcdatamodeld */,
				C95E38271A9D283000F13276 /* Supporting Files */,
			);
			path = TaskOn;
			sourceTree = "<group>";
		};
		C95E38271A9D283000F13276 /* Supporting Files */ = {
			isa = PBXGroup;
			children = (
				C9463A371AA53AA2006C9A7A /* CoreData.framework */,
				C95E38281A9D283000F13276 /* Info.plist */,
			);
			name = "Supporting Files";
			sourceTree = "<group>";
		};
		C95E383F1A9D283000F13276 /* TaskOnTests */ = {
			isa = PBXGroup;
			children = (
				C95E38421A9D283000F13276 /* TaskOnTests.swift */,
				C95E38401A9D283000F13276 /* Supporting Files */,
			);
			path = TaskOnTests;
			sourceTree = "<group>";
		};
		C95E38401A9D283000F13276 /* Supporting Files */ = {
			isa = PBXGroup;
			children = (
				C95E38411A9D283000F13276 /* Info.plist */,
			);
			name = "Supporting Files";
			sourceTree = "<group>";
		};
/* End PBXGroup section */

/* Begin PBXNativeTarget section */
		C95E38231A9D283000F13276 /* TaskOn */ = {
			isa = PBXNativeTarget;
			buildConfigurationList = C95E38461A9D283000F13276 /* Build configuration list for PBXNativeTarget "TaskOn" */;
			buildPhases = (
				C95E38201A9D283000F13276 /* Sources */,
				C95E38211A9D283000F13276 /* Frameworks */,
				C95E38221A9D283000F13276 /* Resources */,
			);
			buildRules = (
			);
			dependencies = (
			);
			name = TaskOn;
			productName = TaskOn;
			productReference = C95E38241A9D283000F13276 /* TaskOn.app */;
			productType = "com.apple.product-type.application";
		};
		C95E383B1A9D283000F13276 /* TaskOnTests */ = {
			isa = PBXNativeTarget;
			buildConfigurationList = C95E38491A9D283000F13276 /* Build configuration list for PBXNativeTarget "TaskOnTests" */;
			buildPhases = (
				C95E38381A9D283000F13276 /* Sources */,
				C95E38391A9D283000F13276 /* Frameworks */,
				C95E383A1A9D283000F13276 /* Resources */,
			);
			buildRules = (
			);
			dependencies = (
				C95E383E1A9D283000F13276 /* PBXTargetDependency */,
			);
			name = TaskOnTests;
			productName = TaskOnTests;
			productReference = C95E383C1A9D283000F13276 /* TaskOnTests.xctest */;
			productType = "com.apple.product-type.bundle.unit-test";
		};
/* End PBXNativeTarget section */

/* Begin PBXProject section */
		C95E381C1A9D283000F13276 /* Project object */ = {
			isa = PBXProject;
			attributes = {
				LastUpgradeCheck = 0610;
				ORGANIZATIONNAME = "Robin Somlette";
				TargetAttributes = {
					C95E38231A9D283000F13276 = {
						CreatedOnToolsVersion = 6.1.1;
					};
					C95E383B1A9D283000F13276 = {
						CreatedOnToolsVersion = 6.1.1;
						TestTargetID = C95E38231A9D283000F13276;
					};
				};
			};
			buildConfigurationList = C95E381F1A9D283000F13276 /* Build configuration list for PBXProject "TaskOn" */;
			compatibilityVersion = "Xcode 3.2";
			developmentRegion = English;
			hasScannedForEncodings = 0;
			knownRegions = (
				en,
				Base,
			);
			mainGroup = C95E381B1A9D283000F13276;
			productRefGroup = C95E38251A9D283000F13276 /* Products */;
			projectDirPath = "";
			projectRoot = "";
			targets = (
				C95E38231A9D283000F13276 /* TaskOn */,
				C95E383B1A9D283000F13276 /* TaskOnTests */,
			);
		};
/* End PBXProject section */

/* Begin PBXResourcesBuildPhase section */
		C95E38221A9D283000F13276 /* Resources */ = {
			isa = PBXResourcesBuildPhase;
			buildActionMask = 2147483647;
			files = (
				C95E38321A9D283000F13276 /* Main.storyboard in Resources */,
				C95E38371A9D283000F13276 /* LaunchScreen.xib in Resources */,
				C95E38341A9D283000F13276 /* Images.xcassets in Resources */,
			);
			runOnlyForDeploymentPostprocessing = 0;
		};
		C95E383A1A9D283000F13276 /* Resources */ = {
			isa = PBXResourcesBuildPhase;
			buildActionMask = 2147483647;
			files = (
			);
			runOnlyForDeploymentPostprocessing = 0;
		};
/* End PBXResourcesBuildPhase section */

/* Begin PBXSourcesBuildPhase section */
		C95E38201A9D283000F13276 /* Sources */ = {
			isa = PBXSourcesBuildPhase;
			buildActionMask = 2147483647;
			files = (
				C97A272F1A9E5CF30088F288 /* TaskDetailViewController.swift in Sources */,
				C9463A361AA4DD24006C9A7A /* AddTaskViewController.swift in Sources */,
				C95E384D1A9D356200F13276 /* TaskCell.swift in Sources */,
				C9B872381AF0215700E65321 /* SettingsViewController.swift in Sources */,
				C9463A3D1AA53E2F006C9A7A /* TaskModel.swift in Sources */,
				C9463A341AA4D61E006C9A7A /* Date.swift in Sources */,
				C95E382F1A9D283000F13276 /* ViewController.swift in Sources */,
				C95E382A1A9D283000F13276 /* AppDelegate.swift in Sources */,
				C9463A3B1AA53D46006C9A7A /* TaskOnModel.xcdatamodeld in Sources */,
				C95E382D1A9D283000F13276 /* TaskOn.xcdatamodeld in Sources */,
			);
			runOnlyForDeploymentPostprocessing = 0;
		};
		C95E38381A9D283000F13276 /* Sources */ = {
			isa = PBXSourcesBuildPhase;
			buildActionMask = 2147483647;
			files = (
				C95E38431A9D283000F13276 /* TaskOnTests.swift in Sources */,
			);
			runOnlyForDeploymentPostprocessing = 0;
		};
/* End PBXSourcesBuildPhase section */

/* Begin PBXTargetDependency section */
		C95E383E1A9D283000F13276 /* PBXTargetDependency */ = {
			isa = PBXTargetDependency;
			target = C95E38231A9D283000F13276 /* TaskOn */;
			targetProxy = C95E383D1A9D283000F13276 /* PBXContainerItemProxy */;
		};
/* End PBXTargetDependency section */

/* Begin PBXVariantGroup section */
		C95E38301A9D283000F13276 /* Main.storyboard */ = {
			isa = PBXVariantGroup;
			children = (
				C95E38311A9D283000F13276 /* Base */,
			);
			name = Main.storyboard;
			sourceTree = "<group>";
		};
		C95E38351A9D283000F13276 /* LaunchScreen.xib */ = {
			isa = PBXVariantGroup;
			children = (
				C95E38361A9D283000F13276 /* Base */,
			);
			name = LaunchScreen.xib;
			sourceTree = "<group>";
		};
/* End PBXVariantGroup section */

/* Begin XCBuildConfiguration section */
		C95E38441A9D283000F13276 /* Debug */ = {
			isa = XCBuildConfiguration;
			buildSettings = {
				ALWAYS_SEARCH_USER_PATHS = NO;
				CLANG_CXX_LANGUAGE_STANDARD = "gnu++0x";
				CLANG_CXX_LIBRARY = "libc++";
				CLANG_ENABLE_MODULES = YES;
				CLANG_ENABLE_OBJC_ARC = YES;
				CLANG_WARN_BOOL_CONVERSION = YES;
				CLANG_WARN_CONSTANT_CONVERSION = YES;
				CLANG_WARN_DIRECT_OBJC_ISA_USAGE = YES_ERROR;
				CLANG_WARN_EMPTY_BODY = YES;
				CLANG_WARN_ENUM_CONVERSION = YES;
				CLANG_WARN_INT_CONVERSION = YES;
				CLANG_WARN_OBJC_ROOT_CLASS = YES_ERROR;
				CLANG_WARN_UNREACHABLE_CODE = YES;
				CLANG_WARN__DUPLICATE_METHOD_MATCH = YES;
				"CODE_SIGN_IDENTITY[sdk=iphoneos*]" = "iPhone Developer";
				COPY_PHASE_STRIP = NO;
				ENABLE_STRICT_OBJC_MSGSEND = YES;
				GCC_C_LANGUAGE_STANDARD = gnu99;
				GCC_DYNAMIC_NO_PIC = NO;
				GCC_OPTIMIZATION_LEVEL = 0;
				GCC_PREPROCESSOR_DEFINITIONS = (
					"DEBUG=1",
					"$(inherited)",
				);
				GCC_SYMBOLS_PRIVATE_EXTERN = NO;
				GCC_WARN_64_TO_32_BIT_CONVERSION = YES;
				GCC_WARN_ABOUT_RETURN_TYPE = YES_ERROR;
				GCC_WARN_UNDECLARED_SELECTOR = YES;
				GCC_WARN_UNINITIALIZED_AUTOS = YES_AGGRESSIVE;
				GCC_WARN_UNUSED_FUNCTION = YES;
				GCC_WARN_UNUSED_VARIABLE = YES;
				IPHONEOS_DEPLOYMENT_TARGET = 8.1;
				MTL_ENABLE_DEBUG_INFO = YES;
				ONLY_ACTIVE_ARCH = YES;
				SDKROOT = iphoneos;
				SWIFT_OPTIMIZATION_LEVEL = "-Onone";
				TARGETED_DEVICE_FAMILY = "1,2";
			};
			name = Debug;
		};
		C95E38451A9D283000F13276 /* Release */ = {
			isa = XCBuildConfiguration;
			buildSettings = {
				ALWAYS_SEARCH_USER_PATHS = NO;
				CLANG_CXX_LANGUAGE_STANDARD = "gnu++0x";
				CLANG_CXX_LIBRARY = "libc++";
				CLANG_ENABLE_MODULES = YES;
				CLANG_ENABLE_OBJC_ARC = YES;
				CLANG_WARN_BOOL_CONVERSION = YES;
				CLANG_WARN_CONSTANT_CONVERSION = YES;
				CLANG_WARN_DIRECT_OBJC_ISA_USAGE = YES_ERROR;
				CLANG_WARN_EMPTY_BODY = YES;
				CLANG_WARN_ENUM_CONVERSION = YES;
				CLANG_WARN_INT_CONVERSION = YES;
				CLANG_WARN_OBJC_ROOT_CLASS = YES_ERROR;
				CLANG_WARN_UNREACHABLE_CODE = YES;
				CLANG_WARN__DUPLICATE_METHOD_MATCH = YES;
				"CODE_SIGN_IDENTITY[sdk=iphoneos*]" = "iPhone Developer";
				COPY_PHASE_STRIP = YES;
				ENABLE_NS_ASSERTIONS = NO;
				ENABLE_STRICT_OBJC_MSGSEND = YES;
				GCC_C_LANGUAGE_STANDARD = gnu99;
				GCC_WARN_64_TO_32_BIT_CONVERSION = YES;
				GCC_WARN_ABOUT_RETURN_TYPE = YES_ERROR;
				GCC_WARN_UNDECLARED_SELECTOR = YES;
				GCC_WARN_UNINITIALIZED_AUTOS = YES_AGGRESSIVE;
				GCC_WARN_UNUSED_FUNCTION = YES;
				GCC_WARN_UNUSED_VARIABLE = YES;
				IPHONEOS_DEPLOYMENT_TARGET = 8.1;
				MTL_ENABLE_DEBUG_INFO = NO;
				SDKROOT = iphoneos;
				TARGETED_DEVICE_FAMILY = "1,2";
				VALIDATE_PRODUCT = YES;
			};
			name = Release;
		};
		C95E38471A9D283000F13276 /* Debug */ = {
			isa = XCBuildConfiguration;
			buildSettings = {
				ASSETCATALOG_COMPILER_APPICON_NAME = AppIcon;
				INFOPLIST_FILE = TaskOn/Info.plist;
				IPHONEOS_DEPLOYMENT_TARGET = 8.1;
				LD_RUNPATH_SEARCH_PATHS = "$(inherited) @executable_path/Frameworks";
				PRODUCT_NAME = "$(TARGET_NAME)";
			};
			name = Debug;
		};
		C95E38481A9D283000F13276 /* Release */ = {
			isa = XCBuildConfiguration;
			buildSettings = {
				ASSETCATALOG_COMPILER_APPICON_NAME = AppIcon;
				INFOPLIST_FILE = TaskOn/Info.plist;
				IPHONEOS_DEPLOYMENT_TARGET = 8.1;
				LD_RUNPATH_SEARCH_PATHS = "$(inherited) @executable_path/Frameworks";
				PRODUCT_NAME = "$(TARGET_NAME)";
			};
			name = Release;
		};
		C95E384A1A9D283000F13276 /* Debug */ = {
			isa = XCBuildConfiguration;
			buildSettings = {
				BUNDLE_LOADER = "$(TEST_HOST)";
				FRAMEWORK_SEARCH_PATHS = (
					"$(SDKROOT)/Developer/Library/Frameworks",
					"$(inherited)",
				);
				GCC_PREPROCESSOR_DEFINITIONS = (
					"DEBUG=1",
					"$(inherited)",
				);
				INFOPLIST_FILE = TaskOnTests/Info.plist;
				LD_RUNPATH_SEARCH_PATHS = "$(inherited) @executable_path/Frameworks @loader_path/Frameworks";
				PRODUCT_NAME = "$(TARGET_NAME)";
				TEST_HOST = "$(BUILT_PRODUCTS_DIR)/TaskOn.app/TaskOn";
			};
			name = Debug;
		};
		C95E384B1A9D283000F13276 /* Release */ = {
			isa = XCBuildConfiguration;
			buildSettings = {
				BUNDLE_LOADER = "$(TEST_HOST)";
				FRAMEWORK_SEARCH_PATHS = (
					"$(SDKROOT)/Developer/Library/Frameworks",
					"$(inherited)",
				);
				INFOPLIST_FILE = TaskOnTests/Info.plist;
				LD_RUNPATH_SEARCH_PATHS = "$(inherited) @executable_path/Frameworks @loader_path/Frameworks";
				PRODUCT_NAME = "$(TARGET_NAME)";
				TEST_HOST = "$(BUILT_PRODUCTS_DIR)/TaskOn.app/TaskOn";
			};
			name = Release;
		};
/* End XCBuildConfiguration section */

/* Begin XCConfigurationList section */
		C95E381F1A9D283000F13276 /* Build configuration list for PBXProject "TaskOn" */ = {
			isa = XCConfigurationList;
			buildConfigurations = (
				C95E38441A9D283000F13276 /* Debug */,
				C95E38451A9D283000F13276 /* Release */,
			);
			defaultConfigurationIsVisible = 0;
			defaultConfigurationName = Release;
		};
		C95E38461A9D283000F13276 /* Build configuration list for PBXNativeTarget "TaskOn" */ = {
			isa = XCConfigurationList;
			buildConfigurations = (
				C95E38471A9D283000F13276 /* Debug */,
				C95E38481A9D283000F13276 /* Release */,
			);
			defaultConfigurationIsVisible = 0;
			defaultConfigurationName = Release;
		};
		C95E38491A9D283000F13276 /* Build configuration list for PBXNativeTarget "TaskOnTests" */ = {
			isa = XCConfigurationList;
			buildConfigurations = (
				C95E384A1A9D283000F13276 /* Debug */,
				C95E384B1A9D283000F13276 /* Release */,
			);
			defaultConfigurationIsVisible = 0;
			defaultConfigurationName = Release;
		};
/* End XCConfigurationList section */

/* Begin XCVersionGroup section */
		C9463A391AA53D46006C9A7A /* TaskOnModel.xcdatamodeld */ = {
			isa = XCVersionGroup;
			children = (
				C9463A3A1AA53D46006C9A7A /* TaskOnModel.xcdatamodel */,
			);
			currentVersion = C9463A3A1AA53D46006C9A7A /* TaskOnModel.xcdatamodel */;
			path = TaskOnModel.xcdatamodeld;
			sourceTree = "<group>";
			versionGroupType = wrapper.xcdatamodel;
		};
		C95E382B1A9D283000F13276 /* TaskOn.xcdatamodeld */ = {
			isa = XCVersionGroup;
			children = (
				C95E382C1A9D283000F13276 /* TaskOn.xcdatamodel */,
			);
			currentVersion = C95E382C1A9D283000F13276 /* TaskOn.xcdatamodel */;
			path = TaskOn.xcdatamodeld;
			sourceTree = "<group>";
			versionGroupType = wrapper.xcdatamodel;
		};
/* End XCVersionGroup section */
	};
	rootObject = C95E381C1A9D283000F13276 /* Project object */;
}
